// !$*UTF8*$!
{
	archiveVersion = 1;
	classes = {
	};
	objectVersion = 55;
	objects = {

/* Begin PBXBuildFile section */
		E2EA738D289CAA0500D96A33 /* README.md in Resources */ = {isa = PBXBuildFile; fileRef = E2EA738C289CAA0500D96A33 /* README.md */; };
		E2FE3DC3288F62A600B0D768 /* AppDelegate.swift in Sources */ = {isa = PBXBuildFile; fileRef = E2FE3DC2288F62A600B0D768 /* AppDelegate.swift */; };
		E2FE3DC5288F62A600B0D768 /* SceneDelegate.swift in Sources */ = {isa = PBXBuildFile; fileRef = E2FE3DC4288F62A600B0D768 /* SceneDelegate.swift */; };
		E2FE3DC7288F62A600B0D768 /* ViewController.swift in Sources */ = {isa = PBXBuildFile; fileRef = E2FE3DC6288F62A600B0D768 /* ViewController.swift */; };
		E2FE3DCA288F62A600B0D768 /* Main.storyboard in Resources */ = {isa = PBXBuildFile; fileRef = E2FE3DC8288F62A600B0D768 /* Main.storyboard */; };
		E2FE3DCD288F62A600B0D768 /* ArturCaiqueMarcosMarcioWendel.xcdatamodeld in Sources */ = {isa = PBXBuildFile; fileRef = E2FE3DCB288F62A600B0D768 /* ArturCaiqueMarcosMarcioWendel.xcdatamodeld */; };
		E2FE3DCF288F62A800B0D768 /* Assets.xcassets in Resources */ = {isa = PBXBuildFile; fileRef = E2FE3DCE288F62A800B0D768 /* Assets.xcassets */; };
		E2FE3DD2288F62A800B0D768 /* LaunchScreen.storyboard in Resources */ = {isa = PBXBuildFile; fileRef = E2FE3DD0288F62A800B0D768 /* LaunchScreen.storyboard */; };
		E2FE3DDD288F65EA00B0D768 /* ProblemFormViewController.swift in Sources */ = {isa = PBXBuildFile; fileRef = E2FE3DDC288F65EA00B0D768 /* ProblemFormViewController.swift */; };
		E2FE3DE2288F67ED00B0D768 /* ProblemListingTableViewController.swift in Sources */ = {isa = PBXBuildFile; fileRef = E2FE3DE1288F67ED00B0D768 /* ProblemListingTableViewController.swift */; };
		E2FE3DE6288F7FFA00B0D768 /* UIViewController+Context.swift in Sources */ = {isa = PBXBuildFile; fileRef = E2FE3DE5288F7FFA00B0D768 /* UIViewController+Context.swift */; };
		E2FE3DE9288F93D800B0D768 /* ProblemViewController.swift in Sources */ = {isa = PBXBuildFile; fileRef = E2FE3DE8288F93D800B0D768 /* ProblemViewController.swift */; };
		E2FE3DEB28908A5000B0D768 /* ProblemTableViewCell.swift in Sources */ = {isa = PBXBuildFile; fileRef = E2FE3DEA28908A5000B0D768 /* ProblemTableViewCell.swift */; };
/* End PBXBuildFile section */

/* Begin PBXFileReference section */
		E2EA738C289CAA0500D96A33 /* README.md */ = {isa = PBXFileReference; lastKnownFileType = net.daringfireball.markdown; path = README.md; sourceTree = "<group>"; };
		E2FE3DBF288F62A600B0D768 /* ArturCaiqueMarcosMarcioWendel.app */ = {isa = PBXFileReference; explicitFileType = wrapper.application; includeInIndex = 0; path = ArturCaiqueMarcosMarcioWendel.app; sourceTree = BUILT_PRODUCTS_DIR; };
		E2FE3DC2288F62A600B0D768 /* AppDelegate.swift */ = {isa = PBXFileReference; lastKnownFileType = sourcecode.swift; path = AppDelegate.swift; sourceTree = "<group>"; };
		E2FE3DC4288F62A600B0D768 /* SceneDelegate.swift */ = {isa = PBXFileReference; lastKnownFileType = sourcecode.swift; path = SceneDelegate.swift; sourceTree = "<group>"; };
		E2FE3DC6288F62A600B0D768 /* ViewController.swift */ = {isa = PBXFileReference; lastKnownFileType = sourcecode.swift; path = ViewController.swift; sourceTree = "<group>"; };
		E2FE3DC9288F62A600B0D768 /* Base */ = {isa = PBXFileReference; lastKnownFileType = file.storyboard; name = Base; path = Base.lproj/Main.storyboard; sourceTree = "<group>"; };
		E2FE3DCC288F62A600B0D768 /* ArturCaiqueMarcosMarcioWendel.xcdatamodel */ = {isa = PBXFileReference; lastKnownFileType = wrapper.xcdatamodel; path = ArturCaiqueMarcosMarcioWendel.xcdatamodel; sourceTree = "<group>"; };
		E2FE3DCE288F62A800B0D768 /* Assets.xcassets */ = {isa = PBXFileReference; lastKnownFileType = folder.assetcatalog; path = Assets.xcassets; sourceTree = "<group>"; };
		E2FE3DD1288F62A800B0D768 /* Base */ = {isa = PBXFileReference; lastKnownFileType = file.storyboard; name = Base; path = Base.lproj/LaunchScreen.storyboard; sourceTree = "<group>"; };
		E2FE3DD3288F62A800B0D768 /* Info.plist */ = {isa = PBXFileReference; lastKnownFileType = text.plist.xml; path = Info.plist; sourceTree = "<group>"; };
		E2FE3DDC288F65EA00B0D768 /* ProblemFormViewController.swift */ = {isa = PBXFileReference; lastKnownFileType = sourcecode.swift; path = ProblemFormViewController.swift; sourceTree = "<group>"; };
		E2FE3DE1288F67ED00B0D768 /* ProblemListingTableViewController.swift */ = {isa = PBXFileReference; lastKnownFileType = sourcecode.swift; path = ProblemListingTableViewController.swift; sourceTree = "<group>"; };
		E2FE3DE5288F7FFA00B0D768 /* UIViewController+Context.swift */ = {isa = PBXFileReference; lastKnownFileType = sourcecode.swift; path = "UIViewController+Context.swift"; sourceTree = "<group>"; };
		E2FE3DE8288F93D800B0D768 /* ProblemViewController.swift */ = {isa = PBXFileReference; lastKnownFileType = sourcecode.swift; path = ProblemViewController.swift; sourceTree = "<group>"; };
		E2FE3DEA28908A5000B0D768 /* ProblemTableViewCell.swift */ = {isa = PBXFileReference; lastKnownFileType = sourcecode.swift; path = ProblemTableViewCell.swift; sourceTree = "<group>"; };
/* End PBXFileReference section */

/* Begin PBXFrameworksBuildPhase section */
		E2FE3DBC288F62A600B0D768 /* Frameworks */ = {
			isa = PBXFrameworksBuildPhase;
			buildActionMask = 2147483647;
			files = (
			);
			runOnlyForDeploymentPostprocessing = 0;
		};
/* End PBXFrameworksBuildPhase section */

/* Begin PBXGroup section */
		E2FE3DB6288F62A600B0D768 = {
			isa = PBXGroup;
			children = (
				E2EA738C289CAA0500D96A33 /* README.md */,
				E2FE3DC1288F62A600B0D768 /* ArturCaiqueMarcosMarcioWendel */,
				E2FE3DC0288F62A600B0D768 /* Products */,
			);
			sourceTree = "<group>";
		};
		E2FE3DC0288F62A600B0D768 /* Products */ = {
			isa = PBXGroup;
			children = (
				E2FE3DBF288F62A600B0D768 /* ArturCaiqueMarcosMarcioWendel.app */,
			);
			name = Products;
			sourceTree = "<group>";
		};
		E2FE3DC1288F62A600B0D768 /* ArturCaiqueMarcosMarcioWendel */ = {
			isa = PBXGroup;
			children = (
				E2FE3DE4288F7FD100B0D768 /* Extensions */,
				E2FE3DD9288F657B00B0D768 /* Features */,
				E2FE3DDF288F66A800B0D768 /* Main */,
				E2FE3DC6288F62A600B0D768 /* ViewController.swift */,
				E2FE3DCE288F62A800B0D768 /* Assets.xcassets */,
				E2FE3DD3288F62A800B0D768 /* Info.plist */,
				E2FE3DE3288F7B9D00B0D768 /* Files */,
			);
			path = ArturCaiqueMarcosMarcioWendel;
			sourceTree = "<group>";
		};
		E2FE3DD9288F657B00B0D768 /* Features */ = {
			isa = PBXGroup;
			children = (
				E2FE3DE7288F939E00B0D768 /* Visualization */,
				E2FE3DDB288F65A600B0D768 /* Form */,
				E2FE3DDA288F659800B0D768 /* Listing */,
			);
			path = Features;
			sourceTree = "<group>";
		};
		E2FE3DDA288F659800B0D768 /* Listing */ = {
			isa = PBXGroup;
			children = (
				E2FE3DE1288F67ED00B0D768 /* ProblemListingTableViewController.swift */,
				E2FE3DEA28908A5000B0D768 /* ProblemTableViewCell.swift */,
			);
			path = Listing;
			sourceTree = "<group>";
		};
		E2FE3DDB288F65A600B0D768 /* Form */ = {
			isa = PBXGroup;
			children = (
				E2FE3DDC288F65EA00B0D768 /* ProblemFormViewController.swift */,
			);
			path = Form;
			sourceTree = "<group>";
		};
		E2FE3DDF288F66A800B0D768 /* Main */ = {
			isa = PBXGroup;
			children = (
				E2FE3DC2288F62A600B0D768 /* AppDelegate.swift */,
				E2FE3DC4288F62A600B0D768 /* SceneDelegate.swift */,
				E2FE3DE0288F66B100B0D768 /* View */,
			);
			path = Main;
			sourceTree = "<group>";
		};
		E2FE3DE0288F66B100B0D768 /* View */ = {
			isa = PBXGroup;
			children = (
				E2FE3DC8288F62A600B0D768 /* Main.storyboard */,
				E2FE3DD0288F62A800B0D768 /* LaunchScreen.storyboard */,
			);
			path = View;
			sourceTree = "<group>";
		};
		E2FE3DE3288F7B9D00B0D768 /* Files */ = {
			isa = PBXGroup;
			children = (
				E2FE3DCB288F62A600B0D768 /* ArturCaiqueMarcosMarcioWendel.xcdatamodeld */,
			);
			path = Files;
			sourceTree = "<group>";
		};
		E2FE3DE4288F7FD100B0D768 /* Extensions */ = {
			isa = PBXGroup;
			children = (
				E2FE3DE5288F7FFA00B0D768 /* UIViewController+Context.swift */,
			);
			path = Extensions;
			sourceTree = "<group>";
		};
		E2FE3DE7288F939E00B0D768 /* Visualization */ = {
			isa = PBXGroup;
			children = (
				E2FE3DE8288F93D800B0D768 /* ProblemViewController.swift */,
			);
			path = Visualization;
			sourceTree = "<group>";
		};
/* End PBXGroup section */

/* Begin PBXNativeTarget section */
		E2FE3DBE288F62A600B0D768 /* ArturCaiqueMarcosMarcioWendel */ = {
			isa = PBXNativeTarget;
			buildConfigurationList = E2FE3DD6288F62A800B0D768 /* Build configuration list for PBXNativeTarget "ArturCaiqueMarcosMarcioWendel" */;
			buildPhases = (
				E2FE3DBB288F62A600B0D768 /* Sources */,
				E2FE3DBC288F62A600B0D768 /* Frameworks */,
				E2FE3DBD288F62A600B0D768 /* Resources */,
			);
			buildRules = (
			);
			dependencies = (
			);
			name = ArturCaiqueMarcosMarcioWendel;
			productName = ArturCaiqueMarcosMarcioWendel;
			productReference = E2FE3DBF288F62A600B0D768 /* ArturCaiqueMarcosMarcioWendel.app */;
			productType = "com.apple.product-type.application";
		};
/* End PBXNativeTarget section */

/* Begin PBXProject section */
		E2FE3DB7288F62A600B0D768 /* Project object */ = {
			isa = PBXProject;
			attributes = {
				BuildIndependentTargetsInParallel = 1;
				LastSwiftUpdateCheck = 1340;
				LastUpgradeCheck = 1340;
				TargetAttributes = {
					E2FE3DBE288F62A600B0D768 = {
						CreatedOnToolsVersion = 13.4.1;
					};
				};
			};
			buildConfigurationList = E2FE3DBA288F62A600B0D768 /* Build configuration list for PBXProject "ArturCaiqueMarcosMarcioWendel" */;
			compatibilityVersion = "Xcode 13.0";
			developmentRegion = en;
			hasScannedForEncodings = 0;
			knownRegions = (
				en,
				Base,
			);
			mainGroup = E2FE3DB6288F62A600B0D768;
			productRefGroup = E2FE3DC0288F62A600B0D768 /* Products */;
			projectDirPath = "";
			projectRoot = "";
			targets = (
				E2FE3DBE288F62A600B0D768 /* ArturCaiqueMarcosMarcioWendel */,
			);
		};
/* End PBXProject section */

/* Begin PBXResourcesBuildPhase section */
		E2FE3DBD288F62A600B0D768 /* Resources */ = {
			isa = PBXResourcesBuildPhase;
			buildActionMask = 2147483647;
			files = (
				E2FE3DD2288F62A800B0D768 /* LaunchScreen.storyboard in Resources */,
				E2FE3DCF288F62A800B0D768 /* Assets.xcassets in Resources */,
				E2EA738D289CAA0500D96A33 /* README.md in Resources */,
				E2FE3DCA288F62A600B0D768 /* Main.storyboard in Resources */,
			);
			runOnlyForDeploymentPostprocessing = 0;
		};
/* End PBXResourcesBuildPhase section */

/* Begin PBXSourcesBuildPhase section */
		E2FE3DBB288F62A600B0D768 /* Sources */ = {
			isa = PBXSourcesBuildPhase;
			buildActionMask = 2147483647;
			files = (
				E2FE3DC7288F62A600B0D768 /* ViewController.swift in Sources */,
				E2FE3DC3288F62A600B0D768 /* AppDelegate.swift in Sources */,
				E2FE3DC5288F62A600B0D768 /* SceneDelegate.swift in Sources */,
				E2FE3DDD288F65EA00B0D768 /* ProblemFormViewController.swift in Sources */,
				E2FE3DE6288F7FFA00B0D768 /* UIViewController+Context.swift in Sources */,
				E2FE3DE2288F67ED00B0D768 /* ProblemListingTableViewController.swift in Sources */,
				E2FE3DE9288F93D800B0D768 /* ProblemViewController.swift in Sources */,
				E2FE3DEB28908A5000B0D768 /* ProblemTableViewCell.swift in Sources */,
				E2FE3DCD288F62A600B0D768 /* ArturCaiqueMarcosMarcioWendel.xcdatamodeld in Sources */,
			);
			runOnlyForDeploymentPostprocessing = 0;
		};
/* End PBXSourcesBuildPhase section */

/* Begin PBXVariantGroup section */
		E2FE3DC8288F62A600B0D768 /* Main.storyboard */ = {
			isa = PBXVariantGroup;
			children = (
				E2FE3DC9288F62A600B0D768 /* Base */,
			);
			name = Main.storyboard;
			sourceTree = "<group>";
		};
		E2FE3DD0288F62A800B0D768 /* LaunchScreen.storyboard */ = {
			isa = PBXVariantGroup;
			children = (
				E2FE3DD1288F62A800B0D768 /* Base */,
			);
			name = LaunchScreen.storyboard;
			sourceTree = "<group>";
		};
/* End PBXVariantGroup section */

/* Begin XCBuildConfiguration section */
		E2FE3DD4288F62A800B0D768 /* Debug */ = {
			isa = XCBuildConfiguration;
			buildSettings = {
				ALWAYS_SEARCH_USER_PATHS = NO;
				CLANG_ANALYZER_NONNULL = YES;
				CLANG_ANALYZER_NUMBER_OBJECT_CONVERSION = YES_AGGRESSIVE;
				CLANG_CXX_LANGUAGE_STANDARD = "gnu++17";
				CLANG_ENABLE_MODULES = YES;
				CLANG_ENABLE_OBJC_ARC = YES;
				CLANG_ENABLE_OBJC_WEAK = YES;
				CLANG_WARN_BLOCK_CAPTURE_AUTORELEASING = YES;
				CLANG_WARN_BOOL_CONVERSION = YES;
				CLANG_WARN_COMMA = YES;
				CLANG_WARN_CONSTANT_CONVERSION = YES;
				CLANG_WARN_DEPRECATED_OBJC_IMPLEMENTATIONS = YES;
				CLANG_WARN_DIRECT_OBJC_ISA_USAGE = YES_ERROR;
				CLANG_WARN_DOCUMENTATION_COMMENTS = YES;
				CLANG_WARN_EMPTY_BODY = YES;
				CLANG_WARN_ENUM_CONVERSION = YES;
				CLANG_WARN_INFINITE_RECURSION = YES;
				CLANG_WARN_INT_CONVERSION = YES;
				CLANG_WARN_NON_LITERAL_NULL_CONVERSION = YES;
				CLANG_WARN_OBJC_IMPLICIT_RETAIN_SELF = YES;
				CLANG_WARN_OBJC_LITERAL_CONVERSION = YES;
				CLANG_WARN_OBJC_ROOT_CLASS = YES_ERROR;
				CLANG_WARN_QUOTED_INCLUDE_IN_FRAMEWORK_HEADER = YES;
				CLANG_WARN_RANGE_LOOP_ANALYSIS = YES;
				CLANG_WARN_STRICT_PROTOTYPES = YES;
				CLANG_WARN_SUSPICIOUS_MOVE = YES;
				CLANG_WARN_UNGUARDED_AVAILABILITY = YES_AGGRESSIVE;
				CLANG_WARN_UNREACHABLE_CODE = YES;
				CLANG_WARN__DUPLICATE_METHOD_MATCH = YES;
				COPY_PHASE_STRIP = NO;
				DEBUG_INFORMATION_FORMAT = dwarf;
				ENABLE_STRICT_OBJC_MSGSEND = YES;
				ENABLE_TESTABILITY = YES;
				GCC_C_LANGUAGE_STANDARD = gnu11;
				GCC_DYNAMIC_NO_PIC = NO;
				GCC_NO_COMMON_BLOCKS = YES;
				GCC_OPTIMIZATION_LEVEL = 0;
				GCC_PREPROCESSOR_DEFINITIONS = (
					"DEBUG=1",
					"$(inherited)",
				);
				GCC_WARN_64_TO_32_BIT_CONVERSION = YES;
				GCC_WARN_ABOUT_RETURN_TYPE = YES_ERROR;
				GCC_WARN_UNDECLARED_SELECTOR = YES;
				GCC_WARN_UNINITIALIZED_AUTOS = YES_AGGRESSIVE;
				GCC_WARN_UNUSED_FUNCTION = YES;
				GCC_WARN_UNUSED_VARIABLE = YES;
				IPHONEOS_DEPLOYMENT_TARGET = 15.5;
				MTL_ENABLE_DEBUG_INFO = INCLUDE_SOURCE;
				MTL_FAST_MATH = YES;
				ONLY_ACTIVE_ARCH = YES;
				SDKROOT = iphoneos;
				SWIFT_ACTIVE_COMPILATION_CONDITIONS = DEBUG;
				SWIFT_OPTIMIZATION_LEVEL = "-Onone";
			};
			name = Debug;
		};
		E2FE3DD5288F62A800B0D768 /* Release */ = {
			isa = XCBuildConfiguration;
			buildSettings = {
				ALWAYS_SEARCH_USER_PATHS = NO;
				CLANG_ANALYZER_NONNULL = YES;
				CLANG_ANALYZER_NUMBER_OBJECT_CONVERSION = YES_AGGRESSIVE;
				CLANG_CXX_LANGUAGE_STANDARD = "gnu++17";
				CLANG_ENABLE_MODULES = YES;
				CLANG_ENABLE_OBJC_ARC = YES;
				CLANG_ENABLE_OBJC_WEAK = YES;
				CLANG_WARN_BLOCK_CAPTURE_AUTORELEASING = YES;
				CLANG_WARN_BOOL_CONVERSION = YES;
				CLANG_WARN_COMMA = YES;
				CLANG_WARN_CONSTANT_CONVERSION = YES;
				CLANG_WARN_DEPRECATED_OBJC_IMPLEMENTATIONS = YES;
				CLANG_WARN_DIRECT_OBJC_ISA_USAGE = YES_ERROR;
				CLANG_WARN_DOCUMENTATION_COMMENTS = YES;
				CLANG_WARN_EMPTY_BODY = YES;
				CLANG_WARN_ENUM_CONVERSION = YES;
				CLANG_WARN_INFINITE_RECURSION = YES;
				CLANG_WARN_INT_CONVERSION = YES;
				CLANG_WARN_NON_LITERAL_NULL_CONVERSION = YES;
				CLANG_WARN_OBJC_IMPLICIT_RETAIN_SELF = YES;
				CLANG_WARN_OBJC_LITERAL_CONVERSION = YES;
				CLANG_WARN_OBJC_ROOT_CLASS = YES_ERROR;
				CLANG_WARN_QUOTED_INCLUDE_IN_FRAMEWORK_HEADER = YES;
				CLANG_WARN_RANGE_LOOP_ANALYSIS = YES;
				CLANG_WARN_STRICT_PROTOTYPES = YES;
				CLANG_WARN_SUSPICIOUS_MOVE = YES;
				CLANG_WARN_UNGUARDED_AVAILABILITY = YES_AGGRESSIVE;
				CLANG_WARN_UNREACHABLE_CODE = YES;
				CLANG_WARN__DUPLICATE_METHOD_MATCH = YES;
				COPY_PHASE_STRIP = NO;
				DEBUG_INFORMATION_FORMAT = "dwarf-with-dsym";
				ENABLE_NS_ASSERTIONS = NO;
				ENABLE_STRICT_OBJC_MSGSEND = YES;
				GCC_C_LANGUAGE_STANDARD = gnu11;
				GCC_NO_COMMON_BLOCKS = YES;
				GCC_WARN_64_TO_32_BIT_CONVERSION = YES;
				GCC_WARN_ABOUT_RETURN_TYPE = YES_ERROR;
				GCC_WARN_UNDECLARED_SELECTOR = YES;
				GCC_WARN_UNINITIALIZED_AUTOS = YES_AGGRESSIVE;
				GCC_WARN_UNUSED_FUNCTION = YES;
				GCC_WARN_UNUSED_VARIABLE = YES;
				IPHONEOS_DEPLOYMENT_TARGET = 15.5;
				MTL_ENABLE_DEBUG_INFO = NO;
				MTL_FAST_MATH = YES;
				SDKROOT = iphoneos;
				SWIFT_COMPILATION_MODE = wholemodule;
				SWIFT_OPTIMIZATION_LEVEL = "-O";
				VALIDATE_PRODUCT = YES;
			};
			name = Release;
		};
		E2FE3DD7288F62A800B0D768 /* Debug */ = {
			isa = XCBuildConfiguration;
			buildSettings = {
				ASSETCATALOG_COMPILER_APPICON_NAME = AppIcon;
				ASSETCATALOG_COMPILER_GLOBAL_ACCENT_COLOR_NAME = AccentColor;
				CODE_SIGN_STYLE = Automatic;
				CURRENT_PROJECT_VERSION = 1;
				GENERATE_INFOPLIST_FILE = YES;
				INFOPLIST_FILE = ArturCaiqueMarcosMarcioWendel/Info.plist;
				INFOPLIST_KEY_UIApplicationSupportsIndirectInputEvents = YES;
				INFOPLIST_KEY_UILaunchStoryboardName = LaunchScreen;
				INFOPLIST_KEY_UIMainStoryboardFile = Main;
				INFOPLIST_KEY_UISupportedInterfaceOrientations_iPad = "UIInterfaceOrientationPortrait UIInterfaceOrientationPortraitUpsideDown UIInterfaceOrientationLandscapeLeft UIInterfaceOrientationLandscapeRight";
				INFOPLIST_KEY_UISupportedInterfaceOrientations_iPhone = "UIInterfaceOrientationPortrait UIInterfaceOrientationLandscapeLeft UIInterfaceOrientationLandscapeRight";
				LD_RUNPATH_SEARCH_PATHS = (
					"$(inherited)",
					"@executable_path/Frameworks",
				);
				MARKETING_VERSION = 1.0;
				PRODUCT_BUNDLE_IDENTIFIER = br.com.fiap.ArturCaiqueMarcosMarcioWendel;
				PRODUCT_NAME = "$(TARGET_NAME)";
				SWIFT_EMIT_LOC_STRINGS = YES;
				SWIFT_VERSION = 5.0;
				TARGETED_DEVICE_FAMILY = "1,2";
			};
			name = Debug;
		};
		E2FE3DD8288F62A800B0D768 /* Release */ = {
			isa = XCBuildConfiguration;
			buildSettings = {
				ASSETCATALOG_COMPILER_APPICON_NAME = AppIcon;
				ASSETCATALOG_COMPILER_GLOBAL_ACCENT_COLOR_NAME = AccentColor;
				CODE_SIGN_STYLE = Automatic;
				CURRENT_PROJECT_VERSION = 1;
				GENERATE_INFOPLIST_FILE = YES;
				INFOPLIST_FILE = ArturCaiqueMarcosMarcioWendel/Info.plist;
				INFOPLIST_KEY_UIApplicationSupportsIndirectInputEvents = YES;
				INFOPLIST_KEY_UILaunchStoryboardName = LaunchScreen;
				INFOPLIST_KEY_UIMainStoryboardFile = Main;
				INFOPLIST_KEY_UISupportedInterfaceOrientations_iPad = "UIInterfaceOrientationPortrait UIInterfaceOrientationPortraitUpsideDown UIInterfaceOrientationLandscapeLeft UIInterfaceOrientationLandscapeRight";
				INFOPLIST_KEY_UISupportedInterfaceOrientations_iPhone = "UIInterfaceOrientationPortrait UIInterfaceOrientationLandscapeLeft UIInterfaceOrientationLandscapeRight";
				LD_RUNPATH_SEARCH_PATHS = (
					"$(inherited)",
					"@executable_path/Frameworks",
				);
				MARKETING_VERSION = 1.0;
				PRODUCT_BUNDLE_IDENTIFIER = br.com.fiap.ArturCaiqueMarcosMarcioWendel;
				PRODUCT_NAME = "$(TARGET_NAME)";
				SWIFT_EMIT_LOC_STRINGS = YES;
				SWIFT_VERSION = 5.0;
				TARGETED_DEVICE_FAMILY = "1,2";
			};
			name = Release;
		};
/* End XCBuildConfiguration section */

/* Begin XCConfigurationList section */
		E2FE3DBA288F62A600B0D768 /* Build configuration list for PBXProject "ArturCaiqueMarcosMarcioWendel" */ = {
			isa = XCConfigurationList;
			buildConfigurations = (
				E2FE3DD4288F62A800B0D768 /* Debug */,
				E2FE3DD5288F62A800B0D768 /* Release */,
			);
			defaultConfigurationIsVisible = 0;
			defaultConfigurationName = Release;
		};
		E2FE3DD6288F62A800B0D768 /* Build configuration list for PBXNativeTarget "ArturCaiqueMarcosMarcioWendel" */ = {
			isa = XCConfigurationList;
			buildConfigurations = (
				E2FE3DD7288F62A800B0D768 /* Debug */,
				E2FE3DD8288F62A800B0D768 /* Release */,
			);
			defaultConfigurationIsVisible = 0;
			defaultConfigurationName = Release;
		};
/* End XCConfigurationList section */

/* Begin XCVersionGroup section */
		E2FE3DCB288F62A600B0D768 /* ArturCaiqueMarcosMarcioWendel.xcdatamodeld */ = {
			isa = XCVersionGroup;
			children = (
				E2FE3DCC288F62A600B0D768 /* ArturCaiqueMarcosMarcioWendel.xcdatamodel */,
			);
			currentVersion = E2FE3DCC288F62A600B0D768 /* ArturCaiqueMarcosMarcioWendel.xcdatamodel */;
			path = ArturCaiqueMarcosMarcioWendel.xcdatamodeld;
			sourceTree = "<group>";
			versionGroupType = wrapper.xcdatamodel;
		};
/* End XCVersionGroup section */
	};
	rootObject = E2FE3DB7288F62A600B0D768 /* Project object */;
}
